// !$*UTF8*$!
{
	archiveVersion = 1;
	classes = {
	};
	objectVersion = 48;
	objects = {

/* Begin PBXBuildFile section */
		2307C7916BD58B4F0E69EDA2 /* Pods_FURApp_iOS.framework in Frameworks */ = {isa = PBXBuildFile; fileRef = 17E5E6099F859DB84F31A68B /* Pods_FURApp_iOS.framework */; };
		801F38C99DE65194D181B5DF /* Pods_FURApp_iOSUITests.framework in Frameworks */ = {isa = PBXBuildFile; fileRef = 7F951A46CDCDDD99A4C1B1A8 /* Pods_FURApp_iOSUITests.framework */; };
		87F2E0871FB21D79001CFA93 /* AppDelegate.swift in Sources */ = {isa = PBXBuildFile; fileRef = 87F2E0861FB21D79001CFA93 /* AppDelegate.swift */; };
		87F2E0891FB21D79001CFA93 /* MainViewController.swift in Sources */ = {isa = PBXBuildFile; fileRef = 87F2E0881FB21D79001CFA93 /* MainViewController.swift */; };
		87F2E08C1FB21D79001CFA93 /* Main.storyboard in Resources */ = {isa = PBXBuildFile; fileRef = 87F2E08A1FB21D79001CFA93 /* Main.storyboard */; };
		87F2E08E1FB21D79001CFA93 /* Assets.xcassets in Resources */ = {isa = PBXBuildFile; fileRef = 87F2E08D1FB21D79001CFA93 /* Assets.xcassets */; };
		87F2E0911FB21D79001CFA93 /* LaunchScreen.storyboard in Resources */ = {isa = PBXBuildFile; fileRef = 87F2E08F1FB21D79001CFA93 /* LaunchScreen.storyboard */; };
		87F2E09C1FB21D79001CFA93 /* FURApp_iOSTests.swift in Sources */ = {isa = PBXBuildFile; fileRef = 87F2E09B1FB21D79001CFA93 /* FURApp_iOSTests.swift */; };
		87F2E0A71FB21D79001CFA93 /* FURApp_iOSUITests.swift in Sources */ = {isa = PBXBuildFile; fileRef = 87F2E0A61FB21D79001CFA93 /* FURApp_iOSUITests.swift */; };
		BF53C15FA22C46D835D6DC79 /* Pods_FURApp_iOSTests.framework in Frameworks */ = {isa = PBXBuildFile; fileRef = 7427CDAC80A4B690BAD78091 /* Pods_FURApp_iOSTests.framework */; };
/* End PBXBuildFile section */

/* Begin PBXContainerItemProxy section */
		87F2E0981FB21D79001CFA93 /* PBXContainerItemProxy */ = {
			isa = PBXContainerItemProxy;
			containerPortal = 87F2E07B1FB21D79001CFA93 /* Project object */;
			proxyType = 1;
			remoteGlobalIDString = 87F2E0821FB21D79001CFA93;
			remoteInfo = FURApp_iOS;
		};
		87F2E0A31FB21D79001CFA93 /* PBXContainerItemProxy */ = {
			isa = PBXContainerItemProxy;
			containerPortal = 87F2E07B1FB21D79001CFA93 /* Project object */;
			proxyType = 1;
			remoteGlobalIDString = 87F2E0821FB21D79001CFA93;
			remoteInfo = FURApp_iOS;
		};
/* End PBXContainerItemProxy section */

/* Begin PBXFileReference section */
		05731DCAF8898E4708F8EE2B /* Pods-FURApp_iOSUITests.release.xcconfig */ = {isa = PBXFileReference; includeInIndex = 1; lastKnownFileType = text.xcconfig; name = "Pods-FURApp_iOSUITests.release.xcconfig"; path = "Pods/Target Support Files/Pods-FURApp_iOSUITests/Pods-FURApp_iOSUITests.release.xcconfig"; sourceTree = "<group>"; };
		17E5E6099F859DB84F31A68B /* Pods_FURApp_iOS.framework */ = {isa = PBXFileReference; explicitFileType = wrapper.framework; includeInIndex = 0; path = Pods_FURApp_iOS.framework; sourceTree = BUILT_PRODUCTS_DIR; };
		1F5F7D5E379941CDB9616A46 /* Pods-FURApp_iOS.release.xcconfig */ = {isa = PBXFileReference; includeInIndex = 1; lastKnownFileType = text.xcconfig; name = "Pods-FURApp_iOS.release.xcconfig"; path = "Pods/Target Support Files/Pods-FURApp_iOS/Pods-FURApp_iOS.release.xcconfig"; sourceTree = "<group>"; };
		600A9160C65BCB0F9930F53C /* Pods-FURApp_iOSTests.release.xcconfig */ = {isa = PBXFileReference; includeInIndex = 1; lastKnownFileType = text.xcconfig; name = "Pods-FURApp_iOSTests.release.xcconfig"; path = "Pods/Target Support Files/Pods-FURApp_iOSTests/Pods-FURApp_iOSTests.release.xcconfig"; sourceTree = "<group>"; };
		7427CDAC80A4B690BAD78091 /* Pods_FURApp_iOSTests.framework */ = {isa = PBXFileReference; explicitFileType = wrapper.framework; includeInIndex = 0; path = Pods_FURApp_iOSTests.framework; sourceTree = BUILT_PRODUCTS_DIR; };
		7F951A46CDCDDD99A4C1B1A8 /* Pods_FURApp_iOSUITests.framework */ = {isa = PBXFileReference; explicitFileType = wrapper.framework; includeInIndex = 0; path = Pods_FURApp_iOSUITests.framework; sourceTree = BUILT_PRODUCTS_DIR; };
		87F2E0831FB21D79001CFA93 /* FURApp_iOS.app */ = {isa = PBXFileReference; explicitFileType = wrapper.application; includeInIndex = 0; path = FURApp_iOS.app; sourceTree = BUILT_PRODUCTS_DIR; };
		87F2E0861FB21D79001CFA93 /* AppDelegate.swift */ = {isa = PBXFileReference; lastKnownFileType = sourcecode.swift; path = AppDelegate.swift; sourceTree = "<group>"; };
		87F2E0881FB21D79001CFA93 /* MainViewController.swift */ = {isa = PBXFileReference; lastKnownFileType = sourcecode.swift; path = MainViewController.swift; sourceTree = "<group>"; };
		87F2E08B1FB21D79001CFA93 /* Base */ = {isa = PBXFileReference; lastKnownFileType = file.storyboard; name = Base; path = Base.lproj/Main.storyboard; sourceTree = "<group>"; };
		87F2E08D1FB21D79001CFA93 /* Assets.xcassets */ = {isa = PBXFileReference; lastKnownFileType = folder.assetcatalog; path = Assets.xcassets; sourceTree = "<group>"; };
		87F2E0901FB21D79001CFA93 /* Base */ = {isa = PBXFileReference; lastKnownFileType = file.storyboard; name = Base; path = Base.lproj/LaunchScreen.storyboard; sourceTree = "<group>"; };
		87F2E0921FB21D79001CFA93 /* Info.plist */ = {isa = PBXFileReference; lastKnownFileType = text.plist.xml; path = Info.plist; sourceTree = "<group>"; };
		87F2E0971FB21D79001CFA93 /* FURApp_iOSTests.xctest */ = {isa = PBXFileReference; explicitFileType = wrapper.cfbundle; includeInIndex = 0; path = FURApp_iOSTests.xctest; sourceTree = BUILT_PRODUCTS_DIR; };
		87F2E09B1FB21D79001CFA93 /* FURApp_iOSTests.swift */ = {isa = PBXFileReference; lastKnownFileType = sourcecode.swift; path = FURApp_iOSTests.swift; sourceTree = "<group>"; };
		87F2E09D1FB21D79001CFA93 /* Info.plist */ = {isa = PBXFileReference; lastKnownFileType = text.plist.xml; path = Info.plist; sourceTree = "<group>"; };
		87F2E0A21FB21D79001CFA93 /* FURApp_iOSUITests.xctest */ = {isa = PBXFileReference; explicitFileType = wrapper.cfbundle; includeInIndex = 0; path = FURApp_iOSUITests.xctest; sourceTree = BUILT_PRODUCTS_DIR; };
		87F2E0A61FB21D79001CFA93 /* FURApp_iOSUITests.swift */ = {isa = PBXFileReference; lastKnownFileType = sourcecode.swift; path = FURApp_iOSUITests.swift; sourceTree = "<group>"; };
		87F2E0A81FB21D79001CFA93 /* Info.plist */ = {isa = PBXFileReference; lastKnownFileType = text.plist.xml; path = Info.plist; sourceTree = "<group>"; };
		90EC480B7558757FF75400D3 /* Pods-FURApp_iOSTests.debug.xcconfig */ = {isa = PBXFileReference; includeInIndex = 1; lastKnownFileType = text.xcconfig; name = "Pods-FURApp_iOSTests.debug.xcconfig"; path = "Pods/Target Support Files/Pods-FURApp_iOSTests/Pods-FURApp_iOSTests.debug.xcconfig"; sourceTree = "<group>"; };
		D19BF6321FB2852B7137076B /* Pods-FURApp_iOSUITests.debug.xcconfig */ = {isa = PBXFileReference; includeInIndex = 1; lastKnownFileType = text.xcconfig; name = "Pods-FURApp_iOSUITests.debug.xcconfig"; path = "Pods/Target Support Files/Pods-FURApp_iOSUITests/Pods-FURApp_iOSUITests.debug.xcconfig"; sourceTree = "<group>"; };
		F4AF32834D21A9241BD3DD98 /* Pods-FURApp_iOS.debug.xcconfig */ = {isa = PBXFileReference; includeInIndex = 1; lastKnownFileType = text.xcconfig; name = "Pods-FURApp_iOS.debug.xcconfig"; path = "Pods/Target Support Files/Pods-FURApp_iOS/Pods-FURApp_iOS.debug.xcconfig"; sourceTree = "<group>"; };
/* End PBXFileReference section */

/* Begin PBXFrameworksBuildPhase section */
		87F2E0801FB21D79001CFA93 /* Frameworks */ = {
			isa = PBXFrameworksBuildPhase;
			buildActionMask = 2147483647;
			files = (
				2307C7916BD58B4F0E69EDA2 /* Pods_FURApp_iOS.framework in Frameworks */,
			);
			runOnlyForDeploymentPostprocessing = 0;
		};
		87F2E0941FB21D79001CFA93 /* Frameworks */ = {
			isa = PBXFrameworksBuildPhase;
			buildActionMask = 2147483647;
			files = (
				BF53C15FA22C46D835D6DC79 /* Pods_FURApp_iOSTests.framework in Frameworks */,
			);
			runOnlyForDeploymentPostprocessing = 0;
		};
		87F2E09F1FB21D79001CFA93 /* Frameworks */ = {
			isa = PBXFrameworksBuildPhase;
			buildActionMask = 2147483647;
			files = (
				801F38C99DE65194D181B5DF /* Pods_FURApp_iOSUITests.framework in Frameworks */,
			);
			runOnlyForDeploymentPostprocessing = 0;
		};
/* End PBXFrameworksBuildPhase section */

/* Begin PBXGroup section */
		0CD151236E292DD3EC22CD12 /* Pods */ = {
			isa = PBXGroup;
			children = (
				F4AF32834D21A9241BD3DD98 /* Pods-FURApp_iOS.debug.xcconfig */,
				1F5F7D5E379941CDB9616A46 /* Pods-FURApp_iOS.release.xcconfig */,
				90EC480B7558757FF75400D3 /* Pods-FURApp_iOSTests.debug.xcconfig */,
				600A9160C65BCB0F9930F53C /* Pods-FURApp_iOSTests.release.xcconfig */,
				D19BF6321FB2852B7137076B /* Pods-FURApp_iOSUITests.debug.xcconfig */,
				05731DCAF8898E4708F8EE2B /* Pods-FURApp_iOSUITests.release.xcconfig */,
			);
			name = Pods;
			sourceTree = "<group>";
		};
		1BD5EF30E67F43D8FDA2F41A /* Frameworks */ = {
			isa = PBXGroup;
			children = (
				17E5E6099F859DB84F31A68B /* Pods_FURApp_iOS.framework */,
				7427CDAC80A4B690BAD78091 /* Pods_FURApp_iOSTests.framework */,
				7F951A46CDCDDD99A4C1B1A8 /* Pods_FURApp_iOSUITests.framework */,
			);
			name = Frameworks;
			sourceTree = "<group>";
		};
		87F2E07A1FB21D79001CFA93 = {
			isa = PBXGroup;
			children = (
				87F2E0851FB21D79001CFA93 /* FURApp_iOS */,
				87F2E09A1FB21D79001CFA93 /* FURApp_iOSTests */,
				87F2E0A51FB21D79001CFA93 /* FURApp_iOSUITests */,
				87F2E0841FB21D79001CFA93 /* Products */,
				0CD151236E292DD3EC22CD12 /* Pods */,
				1BD5EF30E67F43D8FDA2F41A /* Frameworks */,
			);
			sourceTree = "<group>";
		};
		87F2E0841FB21D79001CFA93 /* Products */ = {
			isa = PBXGroup;
			children = (
				87F2E0831FB21D79001CFA93 /* FURApp_iOS.app */,
				87F2E0971FB21D79001CFA93 /* FURApp_iOSTests.xctest */,
				87F2E0A21FB21D79001CFA93 /* FURApp_iOSUITests.xctest */,
			);
			name = Products;
			sourceTree = "<group>";
		};
		87F2E0851FB21D79001CFA93 /* FURApp_iOS */ = {
			isa = PBXGroup;
			children = (
				87F2E0B81FB21F42001CFA93 /* Domain */,
				87F2E0B71FB21F3E001CFA93 /* Model */,
				87F2E0B61FB21F39001CFA93 /* Presenter */,
				87F2E0B51FB21F31001CFA93 /* View */,
				87F2E0861FB21D79001CFA93 /* AppDelegate.swift */,
				87F2E08A1FB21D79001CFA93 /* Main.storyboard */,
				87F2E08D1FB21D79001CFA93 /* Assets.xcassets */,
				87F2E08F1FB21D79001CFA93 /* LaunchScreen.storyboard */,
				87F2E0921FB21D79001CFA93 /* Info.plist */,
			);
			path = FURApp_iOS;
			sourceTree = "<group>";
		};
		87F2E09A1FB21D79001CFA93 /* FURApp_iOSTests */ = {
			isa = PBXGroup;
			children = (
				87F2E09B1FB21D79001CFA93 /* FURApp_iOSTests.swift */,
				87F2E09D1FB21D79001CFA93 /* Info.plist */,
			);
			path = FURApp_iOSTests;
			sourceTree = "<group>";
		};
		87F2E0A51FB21D79001CFA93 /* FURApp_iOSUITests */ = {
			isa = PBXGroup;
			children = (
				87F2E0A61FB21D79001CFA93 /* FURApp_iOSUITests.swift */,
				87F2E0A81FB21D79001CFA93 /* Info.plist */,
			);
			path = FURApp_iOSUITests;
			sourceTree = "<group>";
		};
		87F2E0B51FB21F31001CFA93 /* View */ = {
			isa = PBXGroup;
			children = (
				87F2E0881FB21D79001CFA93 /* MainViewController.swift */,
			);
			path = View;
			sourceTree = "<group>";
		};
		87F2E0B61FB21F39001CFA93 /* Presenter */ = {
			isa = PBXGroup;
			children = (
			);
			path = Presenter;
			sourceTree = "<group>";
		};
		87F2E0B71FB21F3E001CFA93 /* Model */ = {
			isa = PBXGroup;
			children = (
			);
			path = Model;
			sourceTree = "<group>";
		};
		87F2E0B81FB21F42001CFA93 /* Domain */ = {
			isa = PBXGroup;
			children = (
			);
			path = Domain;
			sourceTree = "<group>";
		};
/* End PBXGroup section */

/* Begin PBXNativeTarget section */
		87F2E0821FB21D79001CFA93 /* FURApp_iOS */ = {
			isa = PBXNativeTarget;
			buildConfigurationList = 87F2E0AB1FB21D79001CFA93 /* Build configuration list for PBXNativeTarget "FURApp_iOS" */;
			buildPhases = (
				67CE51AECFD45356821748DD /* [CP] Check Pods Manifest.lock */,
				87F2E07F1FB21D79001CFA93 /* Sources */,
				87F2E0801FB21D79001CFA93 /* Frameworks */,
				87F2E0811FB21D79001CFA93 /* Resources */,
				B01BCAE6101446DDA2C1BB79 /* [CP] Embed Pods Frameworks */,
				C55EB8FD3FE3E3614029CDDC /* [CP] Copy Pods Resources */,
			);
			buildRules = (
			);
			dependencies = (
			);
			name = FURApp_iOS;
			productName = FURApp_iOS;
			productReference = 87F2E0831FB21D79001CFA93 /* FURApp_iOS.app */;
			productType = "com.apple.product-type.application";
		};
		87F2E0961FB21D79001CFA93 /* FURApp_iOSTests */ = {
			isa = PBXNativeTarget;
			buildConfigurationList = 87F2E0AE1FB21D79001CFA93 /* Build configuration list for PBXNativeTarget "FURApp_iOSTests" */;
			buildPhases = (
				2128718BB60AE40FCE7DC5A3 /* [CP] Check Pods Manifest.lock */,
				87F2E0931FB21D79001CFA93 /* Sources */,
				87F2E0941FB21D79001CFA93 /* Frameworks */,
				87F2E0951FB21D79001CFA93 /* Resources */,
				036CEEE301B009CD216CDB83 /* [CP] Embed Pods Frameworks */,
				F1EF5CACDBB613A343C23055 /* [CP] Copy Pods Resources */,
			);
			buildRules = (
			);
			dependencies = (
				87F2E0991FB21D79001CFA93 /* PBXTargetDependency */,
			);
			name = FURApp_iOSTests;
			productName = FURApp_iOSTests;
			productReference = 87F2E0971FB21D79001CFA93 /* FURApp_iOSTests.xctest */;
			productType = "com.apple.product-type.bundle.unit-test";
		};
		87F2E0A11FB21D79001CFA93 /* FURApp_iOSUITests */ = {
			isa = PBXNativeTarget;
			buildConfigurationList = 87F2E0B11FB21D79001CFA93 /* Build configuration list for PBXNativeTarget "FURApp_iOSUITests" */;
			buildPhases = (
				8E4B4641D2D21D62DC7366DB /* [CP] Check Pods Manifest.lock */,
				87F2E09E1FB21D79001CFA93 /* Sources */,
				87F2E09F1FB21D79001CFA93 /* Frameworks */,
				87F2E0A01FB21D79001CFA93 /* Resources */,
				D813AE01338E031AFDDCE68F /* [CP] Embed Pods Frameworks */,
				0CB6BCEE891EEBCAC8E338BB /* [CP] Copy Pods Resources */,
			);
			buildRules = (
			);
			dependencies = (
				87F2E0A41FB21D79001CFA93 /* PBXTargetDependency */,
			);
			name = FURApp_iOSUITests;
			productName = FURApp_iOSUITests;
			productReference = 87F2E0A21FB21D79001CFA93 /* FURApp_iOSUITests.xctest */;
			productType = "com.apple.product-type.bundle.ui-testing";
		};
/* End PBXNativeTarget section */

/* Begin PBXProject section */
		87F2E07B1FB21D79001CFA93 /* Project object */ = {
			isa = PBXProject;
			attributes = {
				LastSwiftUpdateCheck = 0910;
				LastUpgradeCheck = 0910;
				ORGANIZATIONNAME = "Fundación Rescate Arboreo";
				TargetAttributes = {
					87F2E0821FB21D79001CFA93 = {
						CreatedOnToolsVersion = 9.1;
						ProvisioningStyle = Automatic;
					};
					87F2E0961FB21D79001CFA93 = {
						CreatedOnToolsVersion = 9.1;
						ProvisioningStyle = Automatic;
						TestTargetID = 87F2E0821FB21D79001CFA93;
					};
					87F2E0A11FB21D79001CFA93 = {
						CreatedOnToolsVersion = 9.1;
						ProvisioningStyle = Automatic;
						TestTargetID = 87F2E0821FB21D79001CFA93;
					};
				};
			};
			buildConfigurationList = 87F2E07E1FB21D79001CFA93 /* Build configuration list for PBXProject "FURApp_iOS" */;
			compatibilityVersion = "Xcode 8.0";
			developmentRegion = en;
			hasScannedForEncodings = 0;
			knownRegions = (
				en,
				Base,
			);
			mainGroup = 87F2E07A1FB21D79001CFA93;
			productRefGroup = 87F2E0841FB21D79001CFA93 /* Products */;
			projectDirPath = "";
			projectRoot = "";
			targets = (
				87F2E0821FB21D79001CFA93 /* FURApp_iOS */,
				87F2E0961FB21D79001CFA93 /* FURApp_iOSTests */,
				87F2E0A11FB21D79001CFA93 /* FURApp_iOSUITests */,
			);
		};
/* End PBXProject section */

/* Begin PBXResourcesBuildPhase section */
		87F2E0811FB21D79001CFA93 /* Resources */ = {
			isa = PBXResourcesBuildPhase;
			buildActionMask = 2147483647;
			files = (
				87F2E0911FB21D79001CFA93 /* LaunchScreen.storyboard in Resources */,
				87F2E08E1FB21D79001CFA93 /* Assets.xcassets in Resources */,
				87F2E08C1FB21D79001CFA93 /* Main.storyboard in Resources */,
			);
			runOnlyForDeploymentPostprocessing = 0;
		};
		87F2E0951FB21D79001CFA93 /* Resources */ = {
			isa = PBXResourcesBuildPhase;
			buildActionMask = 2147483647;
			files = (
			);
			runOnlyForDeploymentPostprocessing = 0;
		};
		87F2E0A01FB21D79001CFA93 /* Resources */ = {
			isa = PBXResourcesBuildPhase;
			buildActionMask = 2147483647;
			files = (
			);
			runOnlyForDeploymentPostprocessing = 0;
		};
/* End PBXResourcesBuildPhase section */

/* Begin PBXShellScriptBuildPhase section */
		036CEEE301B009CD216CDB83 /* [CP] Embed Pods Frameworks */ = {
			isa = PBXShellScriptBuildPhase;
			buildActionMask = 2147483647;
			files = (
			);
			inputPaths = (
			);
			name = "[CP] Embed Pods Frameworks";
			outputPaths = (
			);
			runOnlyForDeploymentPostprocessing = 0;
			shellPath = /bin/sh;
			shellScript = "\"${SRCROOT}/Pods/Target Support Files/Pods-FURApp_iOSTests/Pods-FURApp_iOSTests-frameworks.sh\"\n";
			showEnvVarsInLog = 0;
		};
		0CB6BCEE891EEBCAC8E338BB /* [CP] Copy Pods Resources */ = {
			isa = PBXShellScriptBuildPhase;
			buildActionMask = 2147483647;
			files = (
			);
			inputPaths = (
			);
			name = "[CP] Copy Pods Resources";
			outputPaths = (
			);
			runOnlyForDeploymentPostprocessing = 0;
			shellPath = /bin/sh;
			shellScript = "\"${SRCROOT}/Pods/Target Support Files/Pods-FURApp_iOSUITests/Pods-FURApp_iOSUITests-resources.sh\"\n";
			showEnvVarsInLog = 0;
		};
		2128718BB60AE40FCE7DC5A3 /* [CP] Check Pods Manifest.lock */ = {
			isa = PBXShellScriptBuildPhase;
			buildActionMask = 2147483647;
			files = (
			);
			inputPaths = (
				"${PODS_PODFILE_DIR_PATH}/Podfile.lock",
				"${PODS_ROOT}/Manifest.lock",
			);
			name = "[CP] Check Pods Manifest.lock";
			outputPaths = (
				"$(DERIVED_FILE_DIR)/Pods-FURApp_iOSTests-checkManifestLockResult.txt",
			);
			runOnlyForDeploymentPostprocessing = 0;
			shellPath = /bin/sh;
			shellScript = "diff \"${PODS_PODFILE_DIR_PATH}/Podfile.lock\" \"${PODS_ROOT}/Manifest.lock\" > /dev/null\nif [ $? != 0 ] ; then\n    # print error to STDERR\n    echo \"error: The sandbox is not in sync with the Podfile.lock. Run 'pod install' or update your CocoaPods installation.\" >&2\n    exit 1\nfi\n# This output is used by Xcode 'outputs' to avoid re-running this script phase.\necho \"SUCCESS\" > \"${SCRIPT_OUTPUT_FILE_0}\"\n";
			showEnvVarsInLog = 0;
		};
		67CE51AECFD45356821748DD /* [CP] Check Pods Manifest.lock */ = {
			isa = PBXShellScriptBuildPhase;
			buildActionMask = 2147483647;
			files = (
			);
			inputPaths = (
				"${PODS_PODFILE_DIR_PATH}/Podfile.lock",
				"${PODS_ROOT}/Manifest.lock",
			);
			name = "[CP] Check Pods Manifest.lock";
			outputPaths = (
				"$(DERIVED_FILE_DIR)/Pods-FURApp_iOS-checkManifestLockResult.txt",
			);
			runOnlyForDeploymentPostprocessing = 0;
			shellPath = /bin/sh;
			shellScript = "diff \"${PODS_PODFILE_DIR_PATH}/Podfile.lock\" \"${PODS_ROOT}/Manifest.lock\" > /dev/null\nif [ $? != 0 ] ; then\n    # print error to STDERR\n    echo \"error: The sandbox is not in sync with the Podfile.lock. Run 'pod install' or update your CocoaPods installation.\" >&2\n    exit 1\nfi\n# This output is used by Xcode 'outputs' to avoid re-running this script phase.\necho \"SUCCESS\" > \"${SCRIPT_OUTPUT_FILE_0}\"\n";
			showEnvVarsInLog = 0;
		};
		8E4B4641D2D21D62DC7366DB /* [CP] Check Pods Manifest.lock */ = {
			isa = PBXShellScriptBuildPhase;
			buildActionMask = 2147483647;
			files = (
			);
			inputPaths = (
				"${PODS_PODFILE_DIR_PATH}/Podfile.lock",
				"${PODS_ROOT}/Manifest.lock",
			);
			name = "[CP] Check Pods Manifest.lock";
			outputPaths = (
				"$(DERIVED_FILE_DIR)/Pods-FURApp_iOSUITests-checkManifestLockResult.txt",
			);
			runOnlyForDeploymentPostprocessing = 0;
			shellPath = /bin/sh;
			shellScript = "diff \"${PODS_PODFILE_DIR_PATH}/Podfile.lock\" \"${PODS_ROOT}/Manifest.lock\" > /dev/null\nif [ $? != 0 ] ; then\n    # print error to STDERR\n    echo \"error: The sandbox is not in sync with the Podfile.lock. Run 'pod install' or update your CocoaPods installation.\" >&2\n    exit 1\nfi\n# This output is used by Xcode 'outputs' to avoid re-running this script phase.\necho \"SUCCESS\" > \"${SCRIPT_OUTPUT_FILE_0}\"\n";
			showEnvVarsInLog = 0;
		};
		B01BCAE6101446DDA2C1BB79 /* [CP] Embed Pods Frameworks */ = {
			isa = PBXShellScriptBuildPhase;
			buildActionMask = 2147483647;
			files = (
			);
			inputPaths = (
				"${SRCROOT}/Pods/Target Support Files/Pods-FURApp_iOS/Pods-FURApp_iOS-frameworks.sh",
				"${BUILT_PRODUCTS_DIR}/Bolts/Bolts.framework",
				"${BUILT_PRODUCTS_DIR}/FBSDKCoreKit/FBSDKCoreKit.framework",
				"${BUILT_PRODUCTS_DIR}/FBSDKLoginKit/FBSDKLoginKit.framework",
				"${BUILT_PRODUCTS_DIR}/GTMSessionFetcher/GTMSessionFetcher.framework",
				"${BUILT_PRODUCTS_DIR}/GoogleToolboxForMac/GoogleToolboxForMac.framework",
				"${BUILT_PRODUCTS_DIR}/nanopb/nanopb.framework",
			);
			name = "[CP] Embed Pods Frameworks";
			outputPaths = (
				"${TARGET_BUILD_DIR}/${FRAMEWORKS_FOLDER_PATH}/Bolts.framework",
				"${TARGET_BUILD_DIR}/${FRAMEWORKS_FOLDER_PATH}/FBSDKCoreKit.framework",
				"${TARGET_BUILD_DIR}/${FRAMEWORKS_FOLDER_PATH}/FBSDKLoginKit.framework",
				"${TARGET_BUILD_DIR}/${FRAMEWORKS_FOLDER_PATH}/GTMSessionFetcher.framework",
				"${TARGET_BUILD_DIR}/${FRAMEWORKS_FOLDER_PATH}/GoogleToolboxForMac.framework",
				"${TARGET_BUILD_DIR}/${FRAMEWORKS_FOLDER_PATH}/nanopb.framework",
			);
			runOnlyForDeploymentPostprocessing = 0;
			shellPath = /bin/sh;
			shellScript = "\"${SRCROOT}/Pods/Target Support Files/Pods-FURApp_iOS/Pods-FURApp_iOS-frameworks.sh\"\n";
			showEnvVarsInLog = 0;
		};
		C55EB8FD3FE3E3614029CDDC /* [CP] Copy Pods Resources */ = {
			isa = PBXShellScriptBuildPhase;
			buildActionMask = 2147483647;
			files = (
			);
			inputPaths = (
				"${SRCROOT}/Pods/Target Support Files/Pods-FURApp_iOS/Pods-FURApp_iOS-resources.sh",
				"$PODS_CONFIGURATION_BUILD_DIR/FirebaseUI/FirebaseAuthUI.bundle",
				"$PODS_CONFIGURATION_BUILD_DIR/FirebaseUI/FirebaseFacebookAuthUI.bundle",
			);
			name = "[CP] Copy Pods Resources";
			outputPaths = (
				"${TARGET_BUILD_DIR}/${UNLOCALIZED_RESOURCES_FOLDER_PATH}",
			);
			runOnlyForDeploymentPostprocessing = 0;
			shellPath = /bin/sh;
			shellScript = "\"${SRCROOT}/Pods/Target Support Files/Pods-FURApp_iOS/Pods-FURApp_iOS-resources.sh\"\n";
			showEnvVarsInLog = 0;
		};
		D813AE01338E031AFDDCE68F /* [CP] Embed Pods Frameworks */ = {
			isa = PBXShellScriptBuildPhase;
			buildActionMask = 2147483647;
			files = (
			);
			inputPaths = (
			);
			name = "[CP] Embed Pods Frameworks";
			outputPaths = (
			);
			runOnlyForDeploymentPostprocessing = 0;
			shellPath = /bin/sh;
			shellScript = "\"${SRCROOT}/Pods/Target Support Files/Pods-FURApp_iOSUITests/Pods-FURApp_iOSUITests-frameworks.sh\"\n";
			showEnvVarsInLog = 0;
		};
		F1EF5CACDBB613A343C23055 /* [CP] Copy Pods Resources */ = {
			isa = PBXShellScriptBuildPhase;
			buildActionMask = 2147483647;
			files = (
			);
			inputPaths = (
			);
			name = "[CP] Copy Pods Resources";
			outputPaths = (
			);
			runOnlyForDeploymentPostprocessing = 0;
			shellPath = /bin/sh;
			shellScript = "\"${SRCROOT}/Pods/Target Support Files/Pods-FURApp_iOSTests/Pods-FURApp_iOSTests-resources.sh\"\n";
			showEnvVarsInLog = 0;
		};
/* End PBXShellScriptBuildPhase section */

/* Begin PBXSourcesBuildPhase section */
		87F2E07F1FB21D79001CFA93 /* Sources */ = {
			isa = PBXSourcesBuildPhase;
			buildActionMask = 2147483647;
			files = (
				87F2E0891FB21D79001CFA93 /* MainViewController.swift in Sources */,
				87F2E0871FB21D79001CFA93 /* AppDelegate.swift in Sources */,
			);
			runOnlyForDeploymentPostprocessing = 0;
		};
		87F2E0931FB21D79001CFA93 /* Sources */ = {
			isa = PBXSourcesBuildPhase;
			buildActionMask = 2147483647;
			files = (
				87F2E09C1FB21D79001CFA93 /* FURApp_iOSTests.swift in Sources */,
			);
			runOnlyForDeploymentPostprocessing = 0;
		};
		87F2E09E1FB21D79001CFA93 /* Sources */ = {
			isa = PBXSourcesBuildPhase;
			buildActionMask = 2147483647;
			files = (
				87F2E0A71FB21D79001CFA93 /* FURApp_iOSUITests.swift in Sources */,
			);
			runOnlyForDeploymentPostprocessing = 0;
		};
/* End PBXSourcesBuildPhase section */

/* Begin PBXTargetDependency section */
		87F2E0991FB21D79001CFA93 /* PBXTargetDependency */ = {
			isa = PBXTargetDependency;
			target = 87F2E0821FB21D79001CFA93 /* FURApp_iOS */;
			targetProxy = 87F2E0981FB21D79001CFA93 /* PBXContainerItemProxy */;
		};
		87F2E0A41FB21D79001CFA93 /* PBXTargetDependency */ = {
			isa = PBXTargetDependency;
			target = 87F2E0821FB21D79001CFA93 /* FURApp_iOS */;
			targetProxy = 87F2E0A31FB21D79001CFA93 /* PBXContainerItemProxy */;
		};
/* End PBXTargetDependency section */

/* Begin PBXVariantGroup section */
		87F2E08A1FB21D79001CFA93 /* Main.storyboard */ = {
			isa = PBXVariantGroup;
			children = (
				87F2E08B1FB21D79001CFA93 /* Base */,
			);
			name = Main.storyboard;
			sourceTree = "<group>";
		};
		87F2E08F1FB21D79001CFA93 /* LaunchScreen.storyboard */ = {
			isa = PBXVariantGroup;
			children = (
				87F2E0901FB21D79001CFA93 /* Base */,
			);
			name = LaunchScreen.storyboard;
			sourceTree = "<group>";
		};
/* End PBXVariantGroup section */

/* Begin XCBuildConfiguration section */
		87F2E0A91FB21D79001CFA93 /* Debug */ = {
			isa = XCBuildConfiguration;
			buildSettings = {
				ALWAYS_SEARCH_USER_PATHS = NO;
				CLANG_ANALYZER_NONNULL = YES;
				CLANG_ANALYZER_NUMBER_OBJECT_CONVERSION = YES_AGGRESSIVE;
				CLANG_CXX_LANGUAGE_STANDARD = "gnu++14";
				CLANG_CXX_LIBRARY = "libc++";
				CLANG_ENABLE_MODULES = YES;
				CLANG_ENABLE_OBJC_ARC = YES;
				CLANG_WARN_BLOCK_CAPTURE_AUTORELEASING = YES;
				CLANG_WARN_BOOL_CONVERSION = YES;
				CLANG_WARN_COMMA = YES;
				CLANG_WARN_CONSTANT_CONVERSION = YES;
				CLANG_WARN_DIRECT_OBJC_ISA_USAGE = YES_ERROR;
				CLANG_WARN_DOCUMENTATION_COMMENTS = YES;
				CLANG_WARN_EMPTY_BODY = YES;
				CLANG_WARN_ENUM_CONVERSION = YES;
				CLANG_WARN_INFINITE_RECURSION = YES;
				CLANG_WARN_INT_CONVERSION = YES;
				CLANG_WARN_NON_LITERAL_NULL_CONVERSION = YES;
				CLANG_WARN_OBJC_LITERAL_CONVERSION = YES;
				CLANG_WARN_OBJC_ROOT_CLASS = YES_ERROR;
				CLANG_WARN_RANGE_LOOP_ANALYSIS = YES;
				CLANG_WARN_STRICT_PROTOTYPES = YES;
				CLANG_WARN_SUSPICIOUS_MOVE = YES;
				CLANG_WARN_UNGUARDED_AVAILABILITY = YES_AGGRESSIVE;
				CLANG_WARN_UNREACHABLE_CODE = YES;
				CLANG_WARN__DUPLICATE_METHOD_MATCH = YES;
				CODE_SIGN_IDENTITY = "iPhone Developer";
				COPY_PHASE_STRIP = NO;
				DEBUG_INFORMATION_FORMAT = dwarf;
				ENABLE_STRICT_OBJC_MSGSEND = YES;
				ENABLE_TESTABILITY = YES;
				GCC_C_LANGUAGE_STANDARD = gnu11;
				GCC_DYNAMIC_NO_PIC = NO;
				GCC_NO_COMMON_BLOCKS = YES;
				GCC_OPTIMIZATION_LEVEL = 0;
				GCC_PREPROCESSOR_DEFINITIONS = (
					"DEBUG=1",
					"$(inherited)",
				);
				GCC_WARN_64_TO_32_BIT_CONVERSION = YES;
				GCC_WARN_ABOUT_RETURN_TYPE = YES_ERROR;
				GCC_WARN_UNDECLARED_SELECTOR = YES;
				GCC_WARN_UNINITIALIZED_AUTOS = YES_AGGRESSIVE;
				GCC_WARN_UNUSED_FUNCTION = YES;
				GCC_WARN_UNUSED_VARIABLE = YES;
				IPHONEOS_DEPLOYMENT_TARGET = 11.1;
				MTL_ENABLE_DEBUG_INFO = YES;
				ONLY_ACTIVE_ARCH = YES;
				SDKROOT = iphoneos;
				SWIFT_ACTIVE_COMPILATION_CONDITIONS = DEBUG;
				SWIFT_OPTIMIZATION_LEVEL = "-Onone";
			};
			name = Debug;
		};
		87F2E0AA1FB21D79001CFA93 /* Release */ = {
			isa = XCBuildConfiguration;
			buildSettings = {
				ALWAYS_SEARCH_USER_PATHS = NO;
				CLANG_ANALYZER_NONNULL = YES;
				CLANG_ANALYZER_NUMBER_OBJECT_CONVERSION = YES_AGGRESSIVE;
				CLANG_CXX_LANGUAGE_STANDARD = "gnu++14";
				CLANG_CXX_LIBRARY = "libc++";
				CLANG_ENABLE_MODULES = YES;
				CLANG_ENABLE_OBJC_ARC = YES;
				CLANG_WARN_BLOCK_CAPTURE_AUTORELEASING = YES;
				CLANG_WARN_BOOL_CONVERSION = YES;
				CLANG_WARN_COMMA = YES;
				CLANG_WARN_CONSTANT_CONVERSION = YES;
				CLANG_WARN_DIRECT_OBJC_ISA_USAGE = YES_ERROR;
				CLANG_WARN_DOCUMENTATION_COMMENTS = YES;
				CLANG_WARN_EMPTY_BODY = YES;
				CLANG_WARN_ENUM_CONVERSION = YES;
				CLANG_WARN_INFINITE_RECURSION = YES;
				CLANG_WARN_INT_CONVERSION = YES;
				CLANG_WARN_NON_LITERAL_NULL_CONVERSION = YES;
				CLANG_WARN_OBJC_LITERAL_CONVERSION = YES;
				CLANG_WARN_OBJC_ROOT_CLASS = YES_ERROR;
				CLANG_WARN_RANGE_LOOP_ANALYSIS = YES;
				CLANG_WARN_STRICT_PROTOTYPES = YES;
				CLANG_WARN_SUSPICIOUS_MOVE = YES;
				CLANG_WARN_UNGUARDED_AVAILABILITY = YES_AGGRESSIVE;
				CLANG_WARN_UNREACHABLE_CODE = YES;
				CLANG_WARN__DUPLICATE_METHOD_MATCH = YES;
				CODE_SIGN_IDENTITY = "iPhone Developer";
				COPY_PHASE_STRIP = NO;
				DEBUG_INFORMATION_FORMAT = "dwarf-with-dsym";
				ENABLE_NS_ASSERTIONS = NO;
				ENABLE_STRICT_OBJC_MSGSEND = YES;
				GCC_C_LANGUAGE_STANDARD = gnu11;
				GCC_NO_COMMON_BLOCKS = YES;
				GCC_WARN_64_TO_32_BIT_CONVERSION = YES;
				GCC_WARN_ABOUT_RETURN_TYPE = YES_ERROR;
				GCC_WARN_UNDECLARED_SELECTOR = YES;
				GCC_WARN_UNINITIALIZED_AUTOS = YES_AGGRESSIVE;
				GCC_WARN_UNUSED_FUNCTION = YES;
				GCC_WARN_UNUSED_VARIABLE = YES;
				IPHONEOS_DEPLOYMENT_TARGET = 11.1;
				MTL_ENABLE_DEBUG_INFO = NO;
				SDKROOT = iphoneos;
				SWIFT_OPTIMIZATION_LEVEL = "-Owholemodule";
				VALIDATE_PRODUCT = YES;
			};
			name = Release;
		};
		87F2E0AC1FB21D79001CFA93 /* Debug */ = {
			isa = XCBuildConfiguration;
			baseConfigurationReference = F4AF32834D21A9241BD3DD98 /* Pods-FURApp_iOS.debug.xcconfig */;
			buildSettings = {
				ASSETCATALOG_COMPILER_APPICON_NAME = AppIcon;
				CODE_SIGN_STYLE = Automatic;
				DEVELOPMENT_TEAM = 7WA576L3BX;
				INFOPLIST_FILE = FURApp_iOS/Info.plist;
				IPHONEOS_DEPLOYMENT_TARGET = 10.0;
				LD_RUNPATH_SEARCH_PATHS = "$(inherited) @executable_path/Frameworks";
				PRODUCT_BUNDLE_IDENTIFIER = "com.fura.furapp-ios";
				PRODUCT_NAME = "$(TARGET_NAME)";
				SWIFT_VERSION = 4.0;
				TARGETED_DEVICE_FAMILY = 1;
			};
			name = Debug;
		};
		87F2E0AD1FB21D79001CFA93 /* Release */ = {
			isa = XCBuildConfiguration;
			baseConfigurationReference = 1F5F7D5E379941CDB9616A46 /* Pods-FURApp_iOS.release.xcconfig */;
			buildSettings = {
				ASSETCATALOG_COMPILER_APPICON_NAME = AppIcon;
				CODE_SIGN_STYLE = Automatic;
				DEVELOPMENT_TEAM = 7WA576L3BX;
				INFOPLIST_FILE = FURApp_iOS/Info.plist;
				IPHONEOS_DEPLOYMENT_TARGET = 10.0;
				LD_RUNPATH_SEARCH_PATHS = "$(inherited) @executable_path/Frameworks";
				PRODUCT_BUNDLE_IDENTIFIER = "com.fura.furapp-ios";
				PRODUCT_NAME = "$(TARGET_NAME)";
				SWIFT_VERSION = 4.0;
				TARGETED_DEVICE_FAMILY = 1;
			};
			name = Release;
		};
		87F2E0AF1FB21D79001CFA93 /* Debug */ = {
			isa = XCBuildConfiguration;
			baseConfigurationReference = 90EC480B7558757FF75400D3 /* Pods-FURApp_iOSTests.debug.xcconfig */;
			buildSettings = {
				ALWAYS_EMBED_SWIFT_STANDARD_LIBRARIES = YES;
				BUNDLE_LOADER = "$(TEST_HOST)";
				CODE_SIGN_STYLE = Automatic;
				DEVELOPMENT_TEAM = 7WA576L3BX;
				INFOPLIST_FILE = FURApp_iOSTests/Info.plist;
				LD_RUNPATH_SEARCH_PATHS = "$(inherited) @executable_path/Frameworks @loader_path/Frameworks";
				PRODUCT_BUNDLE_IDENTIFIER = "com.fura.FURApp-iOSTests";
				PRODUCT_NAME = "$(TARGET_NAME)";
				SWIFT_VERSION = 4.0;
				TARGETED_DEVICE_FAMILY = "1,2";
				TEST_HOST = "$(BUILT_PRODUCTS_DIR)/FURApp_iOS.app/FURApp_iOS";
			};
			name = Debug;
		};
		87F2E0B01FB21D79001CFA93 /* Release */ = {
			isa = XCBuildConfiguration;
			baseConfigurationReference = 600A9160C65BCB0F9930F53C /* Pods-FURApp_iOSTests.release.xcconfig */;
			buildSettings = {
				ALWAYS_EMBED_SWIFT_STANDARD_LIBRARIES = YES;
				BUNDLE_LOADER = "$(TEST_HOST)";
				CODE_SIGN_STYLE = Automatic;
				DEVELOPMENT_TEAM = 7WA576L3BX;
				INFOPLIST_FILE = FURApp_iOSTests/Info.plist;
				LD_RUNPATH_SEARCH_PATHS = "$(inherited) @executable_path/Frameworks @loader_path/Frameworks";
				PRODUCT_BUNDLE_IDENTIFIER = "com.fura.FURApp-iOSTests";
				PRODUCT_NAME = "$(TARGET_NAME)";
				SWIFT_VERSION = 4.0;
				TARGETED_DEVICE_FAMILY = "1,2";
				TEST_HOST = "$(BUILT_PRODUCTS_DIR)/FURApp_iOS.app/FURApp_iOS";
			};
			name = Release;
		};
		87F2E0B21FB21D79001CFA93 /* Debug */ = {
			isa = XCBuildConfiguration;
			baseConfigurationReference = D19BF6321FB2852B7137076B /* Pods-FURApp_iOSUITests.debug.xcconfig */;
			buildSettings = {
				ALWAYS_EMBED_SWIFT_STANDARD_LIBRARIES = YES;
				CODE_SIGN_STYLE = Automatic;
				DEVELOPMENT_TEAM = 7WA576L3BX;
				INFOPLIST_FILE = FURApp_iOSUITests/Info.plist;
				LD_RUNPATH_SEARCH_PATHS = "$(inherited) @executable_path/Frameworks @loader_path/Frameworks";
				PRODUCT_BUNDLE_IDENTIFIER = "com.fura.FURApp-iOSUITests";
				PRODUCT_NAME = "$(TARGET_NAME)";
				SWIFT_VERSION = 4.0;
				TARGETED_DEVICE_FAMILY = "1,2";
				TEST_TARGET_NAME = FURApp_iOS;
			};
			name = Debug;
		};
		87F2E0B31FB21D79001CFA93 /* Release */ = {
			isa = XCBuildConfiguration;
			baseConfigurationReference = 05731DCAF8898E4708F8EE2B /* Pods-FURApp_iOSUITests.release.xcconfig */;
			buildSettings = {
				ALWAYS_EMBED_SWIFT_STANDARD_LIBRARIES = YES;
				CODE_SIGN_STYLE = Automatic;
				DEVELOPMENT_TEAM = 7WA576L3BX;
				INFOPLIST_FILE = FURApp_iOSUITests/Info.plist;
				LD_RUNPATH_SEARCH_PATHS = "$(inherited) @executable_path/Frameworks @loader_path/Frameworks";
				PRODUCT_BUNDLE_IDENTIFIER = "com.fura.FURApp-iOSUITests";
				PRODUCT_NAME = "$(TARGET_NAME)";
				SWIFT_VERSION = 4.0;
				TARGETED_DEVICE_FAMILY = "1,2";
				TEST_TARGET_NAME = FURApp_iOS;
			};
			name = Release;
		};
/* End XCBuildConfiguration section */

/* Begin XCConfigurationList section */
		87F2E07E1FB21D79001CFA93 /* Build configuration list for PBXProject "FURApp_iOS" */ = {
			isa = XCConfigurationList;
			buildConfigurations = (
				87F2E0A91FB21D79001CFA93 /* Debug */,
				87F2E0AA1FB21D79001CFA93 /* Release */,
			);
			defaultConfigurationIsVisible = 0;
			defaultConfigurationName = Release;
		};
		87F2E0AB1FB21D79001CFA93 /* Build configuration list for PBXNativeTarget "FURApp_iOS" */ = {
			isa = XCConfigurationList;
			buildConfigurations = (
				87F2E0AC1FB21D79001CFA93 /* Debug */,
				87F2E0AD1FB21D79001CFA93 /* Release */,
			);
			defaultConfigurationIsVisible = 0;
			defaultConfigurationName = Release;
		};
		87F2E0AE1FB21D79001CFA93 /* Build configuration list for PBXNativeTarget "FURApp_iOSTests" */ = {
			isa = XCConfigurationList;
			buildConfigurations = (
				87F2E0AF1FB21D79001CFA93 /* Debug */,
				87F2E0B01FB21D79001CFA93 /* Release */,
			);
			defaultConfigurationIsVisible = 0;
			defaultConfigurationName = Release;
		};
		87F2E0B11FB21D79001CFA93 /* Build configuration list for PBXNativeTarget "FURApp_iOSUITests" */ = {
			isa = XCConfigurationList;
			buildConfigurations = (
				87F2E0B21FB21D79001CFA93 /* Debug */,
				87F2E0B31FB21D79001CFA93 /* Release */,
			);
			defaultConfigurationIsVisible = 0;
			defaultConfigurationName = Release;
		};
/* End XCConfigurationList section */
	};
	rootObject = 87F2E07B1FB21D79001CFA93 /* Project object */;
}
